
Microsoft Visual Studio Solution File, Format Version 12.00
# Visual Studio Version 17
VisualStudioVersion = 17.9.34714.143
MinimumVisualStudioVersion = 10.0.40219.1
Project("{8BC9CEB8-8B4A-11D0-8D11-00A0C91BC942}") = "NestingGUI", "nesting_gui.vcxproj", "{DD27ECD0-DF83-4004-9154-8EE604C47EEC}"
EndProject
Global
	GlobalSection(SolutionConfigurationPlatforms) = preSolution
		Debug|x64 = Debug|x64
		Debug|x86 = Debug|x86
		Release|x64 = Release|x64
		Release|x86 = Release|x86
	EndGlobalSection
	GlobalSection(ProjectConfigurationPlatforms) = postSolution
		{DD27ECD0-DF83-4004-9154-8EE604C47EEC}.Debug|x64.ActiveCfg = Debug|x64
		{DD27ECD0-DF83-4004-9154-8EE604C47EEC}.Debug|x64.Build.0 = Debug|x64
		{DD27ECD0-DF83-4004-9154-8EE604C47EEC}.Debug|x86.ActiveCfg = Debug|x64
		{DD27ECD0-DF83-4004-9154-8EE604C47EEC}.Debug|x86.Build.0 = Debug|x64
		{DD27ECD0-DF83-4004-9154-8EE604C47EEC}.Release|x64.ActiveCfg = Release|x64
		{DD27ECD0-DF83-4004-9154-8EE604C47EEC}.Release|x64.Build.0 = Release|x64
		{DD27ECD0-DF83-4004-9154-8EE604C47EEC}.Release|x86.ActiveCfg = Release|x64
		{DD27ECD0-DF83-4004-9154-8EE604C47EEC}.Release|x86.Build.0 = Release|x64
	EndGlobalSection
	GlobalSection(SolutionProperties) = preSolution
		HideSolutionNode = FALSE
	EndGlobalSection
	GlobalSection(ExtensibilityGlobals) = postSolution
		SolutionGuid = {3B4CFB2C-8CA8-4628-9F8D-4A1A104E9AC6}
	EndGlobalSection
EndGlobal
